
Microsoft Visual Studio Solution File, Format Version 12.00
# Visual Studio Version 17
VisualStudioVersion = 17.7.34031.279
MinimumVisualStudioVersion = 10.0.40219.1
Project("{9A19103F-16F7-4668-BE54-9A1E7A4F7556}") = "FillQualityDb", "Добавление данных в базу из Excel\FillQualityDb.csproj", "{99F86735-3BB4-49F7-B283-861F5C5FE7BE}"
EndProject
Global
	GlobalSection(SolutionConfigurationPlatforms) = preSolution
		Debug|Any CPU = Debug|Any CPU
		Release|Any CPU = Release|Any CPU
	EndGlobalSection
	GlobalSection(ProjectConfigurationPlatforms) = postSolution
		{99F86735-3BB4-49F7-B283-861F5C5FE7BE}.Debug|Any CPU.ActiveCfg = Debug|Any CPU
		{99F86735-3BB4-49F7-B283-861F5C5FE7BE}.Debug|Any CPU.Build.0 = Debug|Any CPU
		{99F86735-3BB4-49F7-B283-861F5C5FE7BE}.Release|Any CPU.ActiveCfg = Release|Any CPU
		{99F86735-3BB4-49F7-B283-861F5C5FE7BE}.Release|Any CPU.Build.0 = Release|Any CPU
	EndGlobalSection
	GlobalSection(SolutionProperties) = preSolution
		HideSolutionNode = FALSE
	EndGlobalSection
	GlobalSection(ExtensibilityGlobals) = postSolution
		SolutionGuid = {7658368C-253C-49F9-88A0-D633DBD50DA2}
	EndGlobalSection
EndGlobal
